%{"cowboy": {:hex, :cowboy, "1.0.0"},
  "cowlib": {:hex, :cowlib, "1.0.1"},
  "exactor": {:hex, :exactor, "1.0.0"},
  "exjsx": {:hex, :exjsx, "3.1.0"},
  "httpotion": {:hex, :httpotion, "1.0.0"},
  "ibrowse": {:git, "git://github.com/cmullaparthi/ibrowse.git", "7871e2ebe8811efb64e1917e2de455fa87e8dfe3", [tag: "v4.1.0"]},
  "jsex": {:git, "git://github.com/talentdeficit/jsex.git", "91fbbb51ac18c5ecec45044af107cd079af2ff8b", []},
  "jsx": {:hex, :jsx, "2.4.0"},
  "linguist": {:hex, :linguist, "0.1.4"},
  "phoenix": {:hex, :phoenix, "0.4.1"},
  "plug": {:hex, :plug, "0.7.0"},
  "poison": {:hex, :poison, "1.1.1"},
  "poolboy": {:hex, :poolboy, "1.4.2"},
  "ranch": {:hex, :ranch, "1.0.0"},
  "timex": {:hex, :timex, "0.13.2"}}
