%{"cowboy": {:git, "git://github.com/extend/cowboy.git", "239e5e0ba7f413642aca3cf2735f0709a643fb8e", []},
  "cowlib": {:git, "git://github.com/extend/cowlib.git", "0d4ece08a7cce90a07cf33d4edad29bc324c7d90", [ref: "0.5.1"]},
  "dynamo": {:git, "git://github.com/dynamo/dynamo.git", "81b296b740bb8d33568760ab2a985fbd085f05f3", []},
  "exactor": {:git, "git://github.com/sasa1977/exactor.git", "a79ef3ba65c7e6a5fa4f9a1a9016c95bce3bbdcb", []},
  "hackney": {:git, "git://github.com/benoitc/hackney.git", "7f2a0b5996313d930277786e7ff5d538e9346547", [tag: "0.10.1"]},
  "hackney_lib": {:git, "https://github.com/benoitc/hackney_lib.git", "eecdb481f1d38bfb194896bffdf9bdcdd967ae96", [tag: "0.2.2"]},
  "httpotion": {:git, "git://github.com/myfreeweb/httpotion.git", "e482c4fa0016049c7738dec7261b7b3b6659b3cc", []},
  "ibrowse": {:git, "git://github.com/cmullaparthi/ibrowse.git", "7871e2ebe8811efb64e1917e2de455fa87e8dfe3", [tag: "v4.1.0"]},
  "jsex": {:git, "git://github.com/talentdeficit/jsex.git", "9755fc4d9c33b66945000d9bbdbb32a72f418ac8", []},
  "jsx": {:package, "2.0.3"},
  "mime": {:git, "git://github.com/dynamo/mime.git", "a13f7b071fdc6146c162300c9ab5025f1c23e98b", []},
  "mimetypes": {:git, "git://github.com/spawngrid/mimetypes.git", "47d37a977a7d633199822bf6b08353007483d00f", [ref: "master"]},
  "poolboy": {:git, "git://github.com/devinus/poolboy.git", "64e1eaef0b1e88849c7e7ba9ff75f8cd4dba2a3b", []},
  "ranch": {:git, "git://github.com/extend/ranch.git", "5df1f222f94e08abdcab7084f5e13027143cc222", [ref: "0.9.0"]},
  "timex": {:git, "git://github.com/bitwalker/timex.git", "95947087d19c6b315fd354d7ccfe36a406f9bf4d", []}}
